
Microsoft Visual Studio Solution File, Format Version 12.00
# Visual Studio Version 16
VisualStudioVersion = 16.0.30717.126
MinimumVisualStudioVersion = 10.0.40219.1
Project("{9A19103F-16F7-4668-BE54-9A1E7A4F7556}") = "labs1-2-gapiyka", "labs1-2-gapiyka.csproj", "{11728073-72B8-4772-876B-7607561F8562}"
EndProject
Project("{9A19103F-16F7-4668-BE54-9A1E7A4F7556}") = "CustomList", "..\CustomList\CustomList.csproj", "{B6E37C8D-DB70-4FF7-A854-98193B181678}"
EndProject
Project("{FAE04EC0-301F-11D3-BF4B-00C04F79EFBC}") = "labs-1-2-gapiyka-tests", "..\labs-1-2-gapiyka-tests\labs-1-2-gapiyka-tests.csproj", "{7C1D7F64-95F9-43DF-A722-D57AF29A38BF}"
EndProject
Global
	GlobalSection(SolutionConfigurationPlatforms) = preSolution
		Debug|Any CPU = Debug|Any CPU
		Release|Any CPU = Release|Any CPU
	EndGlobalSection
	GlobalSection(ProjectConfigurationPlatforms) = postSolution
		{11728073-72B8-4772-876B-7607561F8562}.Debug|Any CPU.ActiveCfg = Debug|Any CPU
		{11728073-72B8-4772-876B-7607561F8562}.Debug|Any CPU.Build.0 = Debug|Any CPU
		{11728073-72B8-4772-876B-7607561F8562}.Release|Any CPU.ActiveCfg = Release|Any CPU
		{11728073-72B8-4772-876B-7607561F8562}.Release|Any CPU.Build.0 = Release|Any CPU
		{B6E37C8D-DB70-4FF7-A854-98193B181678}.Debug|Any CPU.ActiveCfg = Debug|Any CPU
		{B6E37C8D-DB70-4FF7-A854-98193B181678}.Debug|Any CPU.Build.0 = Debug|Any CPU
		{B6E37C8D-DB70-4FF7-A854-98193B181678}.Release|Any CPU.ActiveCfg = Release|Any CPU
		{B6E37C8D-DB70-4FF7-A854-98193B181678}.Release|Any CPU.Build.0 = Release|Any CPU
		{7C1D7F64-95F9-43DF-A722-D57AF29A38BF}.Debug|Any CPU.ActiveCfg = Debug|Any CPU
		{7C1D7F64-95F9-43DF-A722-D57AF29A38BF}.Debug|Any CPU.Build.0 = Debug|Any CPU
		{7C1D7F64-95F9-43DF-A722-D57AF29A38BF}.Release|Any CPU.ActiveCfg = Release|Any CPU
		{7C1D7F64-95F9-43DF-A722-D57AF29A38BF}.Release|Any CPU.Build.0 = Release|Any CPU
	EndGlobalSection
	GlobalSection(SolutionProperties) = preSolution
		HideSolutionNode = FALSE
	EndGlobalSection
	GlobalSection(ExtensibilityGlobals) = postSolution
		SolutionGuid = {97B3145A-2617-464B-917B-2E384BC9D15C}
	EndGlobalSection
EndGlobal
